Microsoft Visual Studio Solution File, Format Version 12.00
# Visual Studio Version 18
VisualStudioVersion = 18.0.11123.170 d18.0
MinimumVisualStudioVersion = 16.0.0.0
Project("{9A19103F-16F7-4668-BE54-9A1E7A4F7556}") = "Sivar.Os", "Sivar.Os\Sivar.Os.csproj", "{8B70AD4F-762C-44C8-BBDB-638BEC8A1B48}"
EndProject
Project("{9A19103F-16F7-4668-BE54-9A1E7A4F7556}") = "Sivar.Os.Client", "Sivar.Os.Client\Sivar.Os.Client.csproj", "{D601CF09-A54A-47E5-A100-CF25E568778D}"
EndProject
Project("{9A19103F-16F7-4668-BE54-9A1E7A4F7556}") = "Sivar.Os.Shared", "Sivar.Os.Shared\Sivar.Os.Shared.csproj", "{A7F3E5D2-8C4A-4B9F-9D1E-7F6A5C3B2E1A}"
EndProject
Project("{FAE04EC0-301F-11D3-BF4B-00C04F79EFBC}") = "Sivar.Os.Data", "Sivar.Os.Data\Sivar.Os.Data.csproj", "{B56D45BA-6BED-4E41-9701-F14689E641F9}"
EndProject
Project("{2150E333-8FDC-42A3-9474-1A3956D46DE8}") = "Xaf", "Xaf", "{02EA681E-C7D8-13C7-8484-4AC65E1B71E8}"
EndProject
Project("{FAE04EC0-301F-11D3-BF4B-00C04F79EFBC}") = "Xaf.Sivar.Os.Blazor.Server", "Xaf.Sivar.Os\Xaf.Sivar.Os.Blazor.Server\Xaf.Sivar.Os.Blazor.Server.csproj", "{D0980874-D286-4309-89C7-C3EFD537C11D}"
EndProject
Project("{FAE04EC0-301F-11D3-BF4B-00C04F79EFBC}") = "Xaf.Sivar.Os.Module", "Xaf.Sivar.Os\Xaf.Sivar.Os.Module\Xaf.Sivar.Os.Module.csproj", "{AC421C18-A91B-4BE2-810D-47903071F253}"
EndProject
Project("{FAE04EC0-301F-11D3-BF4B-00C04F79EFBC}") = "Xaf.Sivar.Os.Win", "Xaf.Sivar.Os\Xaf.Sivar.Os.Win\Xaf.Sivar.Os.Win.csproj", "{C17181E9-1579-4100-85A1-B6CC0B0DB8F9}"
EndProject
Project("{9A19103F-16F7-4668-BE54-9A1E7A4F7556}") = "Sivar.Os.Tests", "Sivar.Os.Tests\Sivar.Os.Tests.csproj", "{E4D8F5C1-A2B3-4E6D-8F9C-1B2D3E4F5A6B}"
EndProject
Project("{9A19103F-16F7-4668-BE54-9A1E7A4F7556}") = "Sivar.Os.DataSeeder", "Sivar.Os.DataSeeder\Sivar.Os.DataSeeder.csproj", "{2D994163-5DEB-4176-B12A-3257AB080354}"
EndProject
Global
	GlobalSection(SolutionConfigurationPlatforms) = preSolution
		Debug|Any CPU = Debug|Any CPU
		Debug|x64 = Debug|x64
		Debug|x86 = Debug|x86
		Release|Any CPU = Release|Any CPU
		Release|x64 = Release|x64
		Release|x86 = Release|x86
	EndGlobalSection
	GlobalSection(ProjectConfigurationPlatforms) = postSolution
		{8B70AD4F-762C-44C8-BBDB-638BEC8A1B48}.Debug|Any CPU.ActiveCfg = Debug|Any CPU
		{8B70AD4F-762C-44C8-BBDB-638BEC8A1B48}.Debug|Any CPU.Build.0 = Debug|Any CPU
		{8B70AD4F-762C-44C8-BBDB-638BEC8A1B48}.Debug|x64.ActiveCfg = Debug|Any CPU
		{8B70AD4F-762C-44C8-BBDB-638BEC8A1B48}.Debug|x64.Build.0 = Debug|Any CPU
		{8B70AD4F-762C-44C8-BBDB-638BEC8A1B48}.Debug|x86.ActiveCfg = Debug|Any CPU
		{8B70AD4F-762C-44C8-BBDB-638BEC8A1B48}.Debug|x86.Build.0 = Debug|Any CPU
		{8B70AD4F-762C-44C8-BBDB-638BEC8A1B48}.Release|Any CPU.ActiveCfg = Release|Any CPU
		{8B70AD4F-762C-44C8-BBDB-638BEC8A1B48}.Release|Any CPU.Build.0 = Release|Any CPU
		{8B70AD4F-762C-44C8-BBDB-638BEC8A1B48}.Release|x64.ActiveCfg = Release|Any CPU
		{8B70AD4F-762C-44C8-BBDB-638BEC8A1B48}.Release|x64.Build.0 = Release|Any CPU
		{8B70AD4F-762C-44C8-BBDB-638BEC8A1B48}.Release|x86.ActiveCfg = Release|Any CPU
		{8B70AD4F-762C-44C8-BBDB-638BEC8A1B48}.Release|x86.Build.0 = Release|Any CPU
		{D601CF09-A54A-47E5-A100-CF25E568778D}.Debug|Any CPU.ActiveCfg = Debug|Any CPU
		{D601CF09-A54A-47E5-A100-CF25E568778D}.Debug|Any CPU.Build.0 = Debug|Any CPU
		{D601CF09-A54A-47E5-A100-CF25E568778D}.Debug|x64.ActiveCfg = Debug|Any CPU
		{D601CF09-A54A-47E5-A100-CF25E568778D}.Debug|x64.Build.0 = Debug|Any CPU
		{D601CF09-A54A-47E5-A100-CF25E568778D}.Debug|x86.ActiveCfg = Debug|Any CPU
		{D601CF09-A54A-47E5-A100-CF25E568778D}.Debug|x86.Build.0 = Debug|Any CPU
		{D601CF09-A54A-47E5-A100-CF25E568778D}.Release|Any CPU.ActiveCfg = Release|Any CPU
		{D601CF09-A54A-47E5-A100-CF25E568778D}.Release|Any CPU.Build.0 = Release|Any CPU
		{D601CF09-A54A-47E5-A100-CF25E568778D}.Release|x64.ActiveCfg = Release|Any CPU
		{D601CF09-A54A-47E5-A100-CF25E568778D}.Release|x64.Build.0 = Release|Any CPU
		{D601CF09-A54A-47E5-A100-CF25E568778D}.Release|x86.ActiveCfg = Release|Any CPU
		{D601CF09-A54A-47E5-A100-CF25E568778D}.Release|x86.Build.0 = Release|Any CPU
		{A7F3E5D2-8C4A-4B9F-9D1E-7F6A5C3B2E1A}.Debug|Any CPU.ActiveCfg = Debug|Any CPU
		{A7F3E5D2-8C4A-4B9F-9D1E-7F6A5C3B2E1A}.Debug|Any CPU.Build.0 = Debug|Any CPU
		{A7F3E5D2-8C4A-4B9F-9D1E-7F6A5C3B2E1A}.Debug|x64.ActiveCfg = Debug|Any CPU
		{A7F3E5D2-8C4A-4B9F-9D1E-7F6A5C3B2E1A}.Debug|x64.Build.0 = Debug|Any CPU
		{A7F3E5D2-8C4A-4B9F-9D1E-7F6A5C3B2E1A}.Debug|x86.ActiveCfg = Debug|Any CPU
		{A7F3E5D2-8C4A-4B9F-9D1E-7F6A5C3B2E1A}.Debug|x86.Build.0 = Debug|Any CPU
		{A7F3E5D2-8C4A-4B9F-9D1E-7F6A5C3B2E1A}.Release|Any CPU.ActiveCfg = Release|Any CPU
		{A7F3E5D2-8C4A-4B9F-9D1E-7F6A5C3B2E1A}.Release|Any CPU.Build.0 = Release|Any CPU
		{A7F3E5D2-8C4A-4B9F-9D1E-7F6A5C3B2E1A}.Release|x64.ActiveCfg = Release|Any CPU
		{A7F3E5D2-8C4A-4B9F-9D1E-7F6A5C3B2E1A}.Release|x64.Build.0 = Release|Any CPU
		{A7F3E5D2-8C4A-4B9F-9D1E-7F6A5C3B2E1A}.Release|x86.ActiveCfg = Release|Any CPU
		{A7F3E5D2-8C4A-4B9F-9D1E-7F6A5C3B2E1A}.Release|x86.Build.0 = Release|Any CPU
		{B56D45BA-6BED-4E41-9701-F14689E641F9}.Debug|Any CPU.ActiveCfg = Debug|Any CPU
		{B56D45BA-6BED-4E41-9701-F14689E641F9}.Debug|Any CPU.Build.0 = Debug|Any CPU
		{B56D45BA-6BED-4E41-9701-F14689E641F9}.Debug|x64.ActiveCfg = Debug|Any CPU
		{B56D45BA-6BED-4E41-9701-F14689E641F9}.Debug|x64.Build.0 = Debug|Any CPU
		{B56D45BA-6BED-4E41-9701-F14689E641F9}.Debug|x86.ActiveCfg = Debug|Any CPU
		{B56D45BA-6BED-4E41-9701-F14689E641F9}.Debug|x86.Build.0 = Debug|Any CPU
		{B56D45BA-6BED-4E41-9701-F14689E641F9}.Release|Any CPU.ActiveCfg = Release|Any CPU
		{B56D45BA-6BED-4E41-9701-F14689E641F9}.Release|Any CPU.Build.0 = Release|Any CPU
		{B56D45BA-6BED-4E41-9701-F14689E641F9}.Release|x64.ActiveCfg = Release|Any CPU
		{B56D45BA-6BED-4E41-9701-F14689E641F9}.Release|x64.Build.0 = Release|Any CPU
		{B56D45BA-6BED-4E41-9701-F14689E641F9}.Release|x86.ActiveCfg = Release|Any CPU
		{B56D45BA-6BED-4E41-9701-F14689E641F9}.Release|x86.Build.0 = Release|Any CPU
		{D0980874-D286-4309-89C7-C3EFD537C11D}.Debug|Any CPU.ActiveCfg = Debug|Any CPU
		{D0980874-D286-4309-89C7-C3EFD537C11D}.Debug|Any CPU.Build.0 = Debug|Any CPU
		{D0980874-D286-4309-89C7-C3EFD537C11D}.Debug|x64.ActiveCfg = Debug|Any CPU
		{D0980874-D286-4309-89C7-C3EFD537C11D}.Debug|x64.Build.0 = Debug|Any CPU
		{D0980874-D286-4309-89C7-C3EFD537C11D}.Debug|x86.ActiveCfg = Debug|Any CPU
		{D0980874-D286-4309-89C7-C3EFD537C11D}.Debug|x86.Build.0 = Debug|Any CPU
		{D0980874-D286-4309-89C7-C3EFD537C11D}.Release|Any CPU.ActiveCfg = Release|Any CPU
		{D0980874-D286-4309-89C7-C3EFD537C11D}.Release|Any CPU.Build.0 = Release|Any CPU
		{D0980874-D286-4309-89C7-C3EFD537C11D}.Release|x64.ActiveCfg = Release|Any CPU
		{D0980874-D286-4309-89C7-C3EFD537C11D}.Release|x64.Build.0 = Release|Any CPU
		{D0980874-D286-4309-89C7-C3EFD537C11D}.Release|x86.ActiveCfg = Release|Any CPU
		{D0980874-D286-4309-89C7-C3EFD537C11D}.Release|x86.Build.0 = Release|Any CPU
		{AC421C18-A91B-4BE2-810D-47903071F253}.Debug|Any CPU.ActiveCfg = Debug|Any CPU
		{AC421C18-A91B-4BE2-810D-47903071F253}.Debug|Any CPU.Build.0 = Debug|Any CPU
		{AC421C18-A91B-4BE2-810D-47903071F253}.Debug|x64.ActiveCfg = Debug|Any CPU
		{AC421C18-A91B-4BE2-810D-47903071F253}.Debug|x64.Build.0 = Debug|Any CPU
		{AC421C18-A91B-4BE2-810D-47903071F253}.Debug|x86.ActiveCfg = Debug|Any CPU
		{AC421C18-A91B-4BE2-810D-47903071F253}.Debug|x86.Build.0 = Debug|Any CPU
		{AC421C18-A91B-4BE2-810D-47903071F253}.Release|Any CPU.ActiveCfg = Release|Any CPU
		{AC421C18-A91B-4BE2-810D-47903071F253}.Release|Any CPU.Build.0 = Release|Any CPU
		{AC421C18-A91B-4BE2-810D-47903071F253}.Release|x64.ActiveCfg = Release|Any CPU
		{AC421C18-A91B-4BE2-810D-47903071F253}.Release|x64.Build.0 = Release|Any CPU
		{AC421C18-A91B-4BE2-810D-47903071F253}.Release|x86.ActiveCfg = Release|Any CPU
		{AC421C18-A91B-4BE2-810D-47903071F253}.Release|x86.Build.0 = Release|Any CPU
		{C17181E9-1579-4100-85A1-B6CC0B0DB8F9}.Debug|Any CPU.ActiveCfg = Debug|Any CPU
		{C17181E9-1579-4100-85A1-B6CC0B0DB8F9}.Debug|Any CPU.Build.0 = Debug|Any CPU
		{C17181E9-1579-4100-85A1-B6CC0B0DB8F9}.Debug|x64.ActiveCfg = Debug|Any CPU
		{C17181E9-1579-4100-85A1-B6CC0B0DB8F9}.Debug|x64.Build.0 = Debug|Any CPU
		{C17181E9-1579-4100-85A1-B6CC0B0DB8F9}.Debug|x86.ActiveCfg = Debug|Any CPU
		{C17181E9-1579-4100-85A1-B6CC0B0DB8F9}.Debug|x86.Build.0 = Debug|Any CPU
		{C17181E9-1579-4100-85A1-B6CC0B0DB8F9}.Release|Any CPU.ActiveCfg = Release|Any CPU
		{C17181E9-1579-4100-85A1-B6CC0B0DB8F9}.Release|Any CPU.Build.0 = Release|Any CPU
		{C17181E9-1579-4100-85A1-B6CC0B0DB8F9}.Release|x64.ActiveCfg = Release|Any CPU
		{C17181E9-1579-4100-85A1-B6CC0B0DB8F9}.Release|x64.Build.0 = Release|Any CPU
		{C17181E9-1579-4100-85A1-B6CC0B0DB8F9}.Release|x86.ActiveCfg = Release|Any CPU
		{C17181E9-1579-4100-85A1-B6CC0B0DB8F9}.Release|x86.Build.0 = Release|Any CPU
		{E4D8F5C1-A2B3-4E6D-8F9C-1B2D3E4F5A6B}.Debug|Any CPU.ActiveCfg = Debug|Any CPU
		{E4D8F5C1-A2B3-4E6D-8F9C-1B2D3E4F5A6B}.Debug|Any CPU.Build.0 = Debug|Any CPU
		{E4D8F5C1-A2B3-4E6D-8F9C-1B2D3E4F5A6B}.Debug|x64.ActiveCfg = Debug|Any CPU
		{E4D8F5C1-A2B3-4E6D-8F9C-1B2D3E4F5A6B}.Debug|x64.Build.0 = Debug|Any CPU
		{E4D8F5C1-A2B3-4E6D-8F9C-1B2D3E4F5A6B}.Debug|x86.ActiveCfg = Debug|Any CPU
		{E4D8F5C1-A2B3-4E6D-8F9C-1B2D3E4F5A6B}.Debug|x86.Build.0 = Debug|Any CPU
		{E4D8F5C1-A2B3-4E6D-8F9C-1B2D3E4F5A6B}.Release|Any CPU.ActiveCfg = Release|Any CPU
		{E4D8F5C1-A2B3-4E6D-8F9C-1B2D3E4F5A6B}.Release|Any CPU.Build.0 = Release|Any CPU
		{E4D8F5C1-A2B3-4E6D-8F9C-1B2D3E4F5A6B}.Release|x64.ActiveCfg = Release|Any CPU
		{E4D8F5C1-A2B3-4E6D-8F9C-1B2D3E4F5A6B}.Release|x64.Build.0 = Release|Any CPU
		{E4D8F5C1-A2B3-4E6D-8F9C-1B2D3E4F5A6B}.Release|x86.ActiveCfg = Release|Any CPU
		{E4D8F5C1-A2B3-4E6D-8F9C-1B2D3E4F5A6B}.Release|x86.Build.0 = Release|Any CPU
		{2D994163-5DEB-4176-B12A-3257AB080354}.Debug|Any CPU.ActiveCfg = Debug|Any CPU
		{2D994163-5DEB-4176-B12A-3257AB080354}.Debug|Any CPU.Build.0 = Debug|Any CPU
		{2D994163-5DEB-4176-B12A-3257AB080354}.Debug|x64.ActiveCfg = Debug|Any CPU
		{2D994163-5DEB-4176-B12A-3257AB080354}.Debug|x64.Build.0 = Debug|Any CPU
		{2D994163-5DEB-4176-B12A-3257AB080354}.Debug|x86.ActiveCfg = Debug|Any CPU
		{2D994163-5DEB-4176-B12A-3257AB080354}.Debug|x86.Build.0 = Debug|Any CPU
		{2D994163-5DEB-4176-B12A-3257AB080354}.Release|Any CPU.ActiveCfg = Release|Any CPU
		{2D994163-5DEB-4176-B12A-3257AB080354}.Release|Any CPU.Build.0 = Release|Any CPU
		{2D994163-5DEB-4176-B12A-3257AB080354}.Release|x64.ActiveCfg = Release|Any CPU
		{2D994163-5DEB-4176-B12A-3257AB080354}.Release|x64.Build.0 = Release|Any CPU
		{2D994163-5DEB-4176-B12A-3257AB080354}.Release|x86.ActiveCfg = Release|Any CPU
		{2D994163-5DEB-4176-B12A-3257AB080354}.Release|x86.Build.0 = Release|Any CPU
	EndGlobalSection
	GlobalSection(SolutionProperties) = preSolution
		HideSolutionNode = FALSE
	EndGlobalSection
	GlobalSection(NestedProjects) = preSolution
		{D0980874-D286-4309-89C7-C3EFD537C11D} = {02EA681E-C7D8-13C7-8484-4AC65E1B71E8}
		{AC421C18-A91B-4BE2-810D-47903071F253} = {02EA681E-C7D8-13C7-8484-4AC65E1B71E8}
		{C17181E9-1579-4100-85A1-B6CC0B0DB8F9} = {02EA681E-C7D8-13C7-8484-4AC65E1B71E8}
	EndGlobalSection
	GlobalSection(ExtensibilityGlobals) = postSolution
		SolutionGuid = {C3D0A65A-AD6C-43F4-B321-58967ED2717E}
	EndGlobalSection
EndGlobal
